
Microsoft Visual Studio Solution File, Format Version 12.00
# Visual Studio Version 17
VisualStudioVersion = 17.2.32505.173
MinimumVisualStudioVersion = 10.0.40219.1
Project("{2150E333-8FDC-42A3-9474-1A3956D46DE8}") = "Common", "Common", "{C5B8B722-310D-4ADA-A26D-F2F7988963CE}"
EndProject
Project("{9A19103F-16F7-4668-BE54-9A1E7A4F7556}") = "DomainDesign.Common", "Common\DomainDesign.Common\DomainDesign.Common.csproj", "{BF4A5A45-8B00-472D-8329-14C2B28A14E3}"
EndProject
Project("{9A19103F-16F7-4668-BE54-9A1E7A4F7556}") = "DomainDesign.Common.UnitTests", "Common\DomainDesign.Common.UnitTests\DomainDesign.Common.UnitTests.csproj", "{D676B437-7D9C-4326-B089-75C29186E7DF}"
EndProject
Project("{2150E333-8FDC-42A3-9474-1A3956D46DE8}") = "TournamentManagement", "TournamentManagement", "{32CCE864-ACCA-4912-9C18-EE3FFD706644}"
EndProject
Project("{9A19103F-16F7-4668-BE54-9A1E7A4F7556}") = "TournamentManagement.Domain", "TournamentManagement\TournamentManagement.Domain\TournamentManagement.Domain.csproj", "{CB5D843B-51B7-498E-BB3F-902AB0A4F0BA}"
EndProject
Project("{9A19103F-16F7-4668-BE54-9A1E7A4F7556}") = "TournamentManagement.Domain.UnitTests", "TournamentManagement\TournamentManagement.Domain.UnitTests\TournamentManagement.Domain.UnitTests.csproj", "{BDE642C0-E002-464B-94E4-36023720CB8C}"
EndProject
Project("{9A19103F-16F7-4668-BE54-9A1E7A4F7556}") = "TournamentManagement.WebApi", "TournamentManagement\TournamentManagement.WebApi\TournamentManagement.WebApi.csproj", "{5E9DCE74-EE23-47B7-B14D-E9BDDE6EBA81}"
EndProject
Project("{9A19103F-16F7-4668-BE54-9A1E7A4F7556}") = "TournamentManagement.Application", "TournamentManagement\TournamentManagement.Application\TournamentManagement.Application.csproj", "{3761695D-06BD-4A09-A9C9-3FD5A420FBBE}"
EndProject
Project("{9A19103F-16F7-4668-BE54-9A1E7A4F7556}") = "TournamentManagement.Data", "TournamentManagement\TournamentManagement.Data\TournamentManagement.Data.csproj", "{982D6DF5-1950-4340-8E9F-0AB4851694E7}"
EndProject
Project("{9A19103F-16F7-4668-BE54-9A1E7A4F7556}") = "TournamentManagement.Console", "TournamentManagement\TournamentManagement.Console\TournamentManagement.Console.csproj", "{433B56E0-BB90-48DA-B2B4-F2EC377CD1FE}"
EndProject
Project("{9A19103F-16F7-4668-BE54-9A1E7A4F7556}") = "TournamentManagement.Contract", "TournamentManagement\TournamentManagement.Contract\TournamentManagement.Contract.csproj", "{7C634D92-F8CA-4C1D-9E83-C8A8441977FC}"
EndProject
Project("{9A19103F-16F7-4668-BE54-9A1E7A4F7556}") = "TournamentManagement.Common", "TournamentManagement\TournamentManagement.Common\TournamentManagement.Common.csproj", "{DE88D0AC-FD0E-4971-AC74-393B2A1DA754}"
EndProject
Project("{9A19103F-16F7-4668-BE54-9A1E7A4F7556}") = "TournamentManagement.Query", "TournamentManagement\TournamentManagement.Query\TournamentManagement.Query.csproj", "{453107E1-9E74-4FEE-867E-E3DBF73C1C3C}"
EndProject
Project("{2150E333-8FDC-42A3-9474-1A3956D46DE8}") = "IdentityServer", "IdentityServer", "{2B3786E7-638F-4418-8E60-81C9731F60D0}"
EndProject
Project("{9A19103F-16F7-4668-BE54-9A1E7A4F7556}") = "IdentityServer", "IdentityServer\IdentityServer.csproj", "{25BF56CF-06FB-437E-BD0F-DF8C0400E133}"
EndProject
Project("{9A19103F-16F7-4668-BE54-9A1E7A4F7556}") = "ClientCredentials", "ClientCredentials\ClientCredentials.csproj", "{1A85DB03-3031-4BEF-9940-64EA815E9FE9}"
EndProject
Project("{2150E333-8FDC-42A3-9474-1A3956D46DE8}") = "Rankings", "Rankings", "{CAE135C7-9D08-4110-8649-969828302E0A}"
EndProject
Project("{9A19103F-16F7-4668-BE54-9A1E7A4F7556}") = "Rankings.WebApi", "Rankings\Rankings.WebApi\Rankings.WebApi.csproj", "{DF672E32-46EB-4B14-8605-93D637DA2DFB}"
EndProject
Project("{2150E333-8FDC-42A3-9474-1A3956D46DE8}") = "Players", "Players", "{0E6A2F45-2F68-4234-8B8C-AD5A180266B1}"
EndProject
Project("{9A19103F-16F7-4668-BE54-9A1E7A4F7556}") = "Players.WebApi", "Players\Players.WebApi\Players.WebApi.csproj", "{A1E08D8D-B580-4585-93B7-4B54098E2BB9}"
EndProject
Project("{9A19103F-16F7-4668-BE54-9A1E7A4F7556}") = "Players.Application", "Players\Players.Application\Players.Application.csproj", "{7164B284-C2C5-4CDE-900E-C70006D8B185}"
EndProject
Project("{9A19103F-16F7-4668-BE54-9A1E7A4F7556}") = "Players.Common", "Players\Players.Common\Players.Common.csproj", "{E4079F01-76ED-420E-BDC0-4E833B6D932F}"
EndProject
Project("{9A19103F-16F7-4668-BE54-9A1E7A4F7556}") = "Players.Contract", "Players\Players.Contract\Players.Contract.csproj", "{E8AC686A-4162-4BED-B4D4-E5485F24A167}"
EndProject
Project("{9A19103F-16F7-4668-BE54-9A1E7A4F7556}") = "Players.Query", "Players\Players.Query\Players.Query.csproj", "{9103DA39-0C0E-467D-BC9E-892235120295}"
EndProject
Project("{9A19103F-16F7-4668-BE54-9A1E7A4F7556}") = "Players.Data", "Players\Players.Data\Players.Data.csproj", "{374AF1B3-8F4B-4BDC-B6B8-3FAAE2D6A5BA}"
EndProject
Project("{9A19103F-16F7-4668-BE54-9A1E7A4F7556}") = "Players.Domain", "Players\Players.Domain\Players.Domain.csproj", "{02BD2613-A95B-4FB1-B325-BCCF8931ACC5}"
EndProject
Project("{9A19103F-16F7-4668-BE54-9A1E7A4F7556}") = "Players.Domain.UnitTests", "Players\Players.Domain.UnitTests\Players.Domain.UnitTests.csproj", "{18B2544D-C843-46A6-8373-346B67AA487D}"
EndProject
Project("{9A19103F-16F7-4668-BE54-9A1E7A4F7556}") = "Players.WebApi.UnitTests", "Players\Players.WebApi.UnitTests\Players.WebApi.UnitTests.csproj", "{2B166E41-78B7-4467-84E5-5855200CEB30}"
EndProject
Project("{9A19103F-16F7-4668-BE54-9A1E7A4F7556}") = "Players.Application.UnitTests", "Players\Players.Application.UnitTests\Players.Application.UnitTests.csproj", "{E6D14F3A-3883-4374-A514-EC0B342BB5E4}"
EndProject
Project("{FAE04EC0-301F-11D3-BF4B-00C04F79EFBC}") = "Cqrs.Common", "Common\Cqrs.Common\Cqrs.Common.csproj", "{7A7DD22C-DBAA-4AB3-98C5-DEE668C5E10B}"
EndProject
Project("{FAE04EC0-301F-11D3-BF4B-00C04F79EFBC}") = "Cqrs.Common.UnitTests", "Common\Cqrs.Common.UnitTests\Cqrs.Common.UnitTests.csproj", "{D32974A1-6332-44AE-AA11-981073B7E2C3}"
EndProject
Global
	GlobalSection(SolutionConfigurationPlatforms) = preSolution
		Debug|Any CPU = Debug|Any CPU
		Debug|x64 = Debug|x64
		Debug|x86 = Debug|x86
		Release|Any CPU = Release|Any CPU
		Release|x64 = Release|x64
		Release|x86 = Release|x86
	EndGlobalSection
	GlobalSection(ProjectConfigurationPlatforms) = postSolution
		{BF4A5A45-8B00-472D-8329-14C2B28A14E3}.Debug|Any CPU.ActiveCfg = Debug|Any CPU
		{BF4A5A45-8B00-472D-8329-14C2B28A14E3}.Debug|Any CPU.Build.0 = Debug|Any CPU
		{BF4A5A45-8B00-472D-8329-14C2B28A14E3}.Debug|x64.ActiveCfg = Debug|Any CPU
		{BF4A5A45-8B00-472D-8329-14C2B28A14E3}.Debug|x64.Build.0 = Debug|Any CPU
		{BF4A5A45-8B00-472D-8329-14C2B28A14E3}.Debug|x86.ActiveCfg = Debug|Any CPU
		{BF4A5A45-8B00-472D-8329-14C2B28A14E3}.Debug|x86.Build.0 = Debug|Any CPU
		{BF4A5A45-8B00-472D-8329-14C2B28A14E3}.Release|Any CPU.ActiveCfg = Release|Any CPU
		{BF4A5A45-8B00-472D-8329-14C2B28A14E3}.Release|Any CPU.Build.0 = Release|Any CPU
		{BF4A5A45-8B00-472D-8329-14C2B28A14E3}.Release|x64.ActiveCfg = Release|Any CPU
		{BF4A5A45-8B00-472D-8329-14C2B28A14E3}.Release|x64.Build.0 = Release|Any CPU
		{BF4A5A45-8B00-472D-8329-14C2B28A14E3}.Release|x86.ActiveCfg = Release|Any CPU
		{BF4A5A45-8B00-472D-8329-14C2B28A14E3}.Release|x86.Build.0 = Release|Any CPU
		{D676B437-7D9C-4326-B089-75C29186E7DF}.Debug|Any CPU.ActiveCfg = Debug|Any CPU
		{D676B437-7D9C-4326-B089-75C29186E7DF}.Debug|Any CPU.Build.0 = Debug|Any CPU
		{D676B437-7D9C-4326-B089-75C29186E7DF}.Debug|x64.ActiveCfg = Debug|Any CPU
		{D676B437-7D9C-4326-B089-75C29186E7DF}.Debug|x64.Build.0 = Debug|Any CPU
		{D676B437-7D9C-4326-B089-75C29186E7DF}.Debug|x86.ActiveCfg = Debug|Any CPU
		{D676B437-7D9C-4326-B089-75C29186E7DF}.Debug|x86.Build.0 = Debug|Any CPU
		{D676B437-7D9C-4326-B089-75C29186E7DF}.Release|Any CPU.ActiveCfg = Release|Any CPU
		{D676B437-7D9C-4326-B089-75C29186E7DF}.Release|Any CPU.Build.0 = Release|Any CPU
		{D676B437-7D9C-4326-B089-75C29186E7DF}.Release|x64.ActiveCfg = Release|Any CPU
		{D676B437-7D9C-4326-B089-75C29186E7DF}.Release|x64.Build.0 = Release|Any CPU
		{D676B437-7D9C-4326-B089-75C29186E7DF}.Release|x86.ActiveCfg = Release|Any CPU
		{D676B437-7D9C-4326-B089-75C29186E7DF}.Release|x86.Build.0 = Release|Any CPU
		{CB5D843B-51B7-498E-BB3F-902AB0A4F0BA}.Debug|Any CPU.ActiveCfg = Debug|Any CPU
		{CB5D843B-51B7-498E-BB3F-902AB0A4F0BA}.Debug|Any CPU.Build.0 = Debug|Any CPU
		{CB5D843B-51B7-498E-BB3F-902AB0A4F0BA}.Debug|x64.ActiveCfg = Debug|Any CPU
		{CB5D843B-51B7-498E-BB3F-902AB0A4F0BA}.Debug|x64.Build.0 = Debug|Any CPU
		{CB5D843B-51B7-498E-BB3F-902AB0A4F0BA}.Debug|x86.ActiveCfg = Debug|Any CPU
		{CB5D843B-51B7-498E-BB3F-902AB0A4F0BA}.Debug|x86.Build.0 = Debug|Any CPU
		{CB5D843B-51B7-498E-BB3F-902AB0A4F0BA}.Release|Any CPU.ActiveCfg = Release|Any CPU
		{CB5D843B-51B7-498E-BB3F-902AB0A4F0BA}.Release|Any CPU.Build.0 = Release|Any CPU
		{CB5D843B-51B7-498E-BB3F-902AB0A4F0BA}.Release|x64.ActiveCfg = Release|Any CPU
		{CB5D843B-51B7-498E-BB3F-902AB0A4F0BA}.Release|x64.Build.0 = Release|Any CPU
		{CB5D843B-51B7-498E-BB3F-902AB0A4F0BA}.Release|x86.ActiveCfg = Release|Any CPU
		{CB5D843B-51B7-498E-BB3F-902AB0A4F0BA}.Release|x86.Build.0 = Release|Any CPU
		{BDE642C0-E002-464B-94E4-36023720CB8C}.Debug|Any CPU.ActiveCfg = Debug|Any CPU
		{BDE642C0-E002-464B-94E4-36023720CB8C}.Debug|Any CPU.Build.0 = Debug|Any CPU
		{BDE642C0-E002-464B-94E4-36023720CB8C}.Debug|x64.ActiveCfg = Debug|Any CPU
		{BDE642C0-E002-464B-94E4-36023720CB8C}.Debug|x64.Build.0 = Debug|Any CPU
		{BDE642C0-E002-464B-94E4-36023720CB8C}.Debug|x86.ActiveCfg = Debug|Any CPU
		{BDE642C0-E002-464B-94E4-36023720CB8C}.Debug|x86.Build.0 = Debug|Any CPU
		{BDE642C0-E002-464B-94E4-36023720CB8C}.Release|Any CPU.ActiveCfg = Release|Any CPU
		{BDE642C0-E002-464B-94E4-36023720CB8C}.Release|Any CPU.Build.0 = Release|Any CPU
		{BDE642C0-E002-464B-94E4-36023720CB8C}.Release|x64.ActiveCfg = Release|Any CPU
		{BDE642C0-E002-464B-94E4-36023720CB8C}.Release|x64.Build.0 = Release|Any CPU
		{BDE642C0-E002-464B-94E4-36023720CB8C}.Release|x86.ActiveCfg = Release|Any CPU
		{BDE642C0-E002-464B-94E4-36023720CB8C}.Release|x86.Build.0 = Release|Any CPU
		{5E9DCE74-EE23-47B7-B14D-E9BDDE6EBA81}.Debug|Any CPU.ActiveCfg = Debug|Any CPU
		{5E9DCE74-EE23-47B7-B14D-E9BDDE6EBA81}.Debug|Any CPU.Build.0 = Debug|Any CPU
		{5E9DCE74-EE23-47B7-B14D-E9BDDE6EBA81}.Debug|x64.ActiveCfg = Debug|Any CPU
		{5E9DCE74-EE23-47B7-B14D-E9BDDE6EBA81}.Debug|x64.Build.0 = Debug|Any CPU
		{5E9DCE74-EE23-47B7-B14D-E9BDDE6EBA81}.Debug|x86.ActiveCfg = Debug|Any CPU
		{5E9DCE74-EE23-47B7-B14D-E9BDDE6EBA81}.Debug|x86.Build.0 = Debug|Any CPU
		{5E9DCE74-EE23-47B7-B14D-E9BDDE6EBA81}.Release|Any CPU.ActiveCfg = Release|Any CPU
		{5E9DCE74-EE23-47B7-B14D-E9BDDE6EBA81}.Release|Any CPU.Build.0 = Release|Any CPU
		{5E9DCE74-EE23-47B7-B14D-E9BDDE6EBA81}.Release|x64.ActiveCfg = Release|Any CPU
		{5E9DCE74-EE23-47B7-B14D-E9BDDE6EBA81}.Release|x64.Build.0 = Release|Any CPU
		{5E9DCE74-EE23-47B7-B14D-E9BDDE6EBA81}.Release|x86.ActiveCfg = Release|Any CPU
		{5E9DCE74-EE23-47B7-B14D-E9BDDE6EBA81}.Release|x86.Build.0 = Release|Any CPU
		{3761695D-06BD-4A09-A9C9-3FD5A420FBBE}.Debug|Any CPU.ActiveCfg = Debug|Any CPU
		{3761695D-06BD-4A09-A9C9-3FD5A420FBBE}.Debug|Any CPU.Build.0 = Debug|Any CPU
		{3761695D-06BD-4A09-A9C9-3FD5A420FBBE}.Debug|x64.ActiveCfg = Debug|Any CPU
		{3761695D-06BD-4A09-A9C9-3FD5A420FBBE}.Debug|x64.Build.0 = Debug|Any CPU
		{3761695D-06BD-4A09-A9C9-3FD5A420FBBE}.Debug|x86.ActiveCfg = Debug|Any CPU
		{3761695D-06BD-4A09-A9C9-3FD5A420FBBE}.Debug|x86.Build.0 = Debug|Any CPU
		{3761695D-06BD-4A09-A9C9-3FD5A420FBBE}.Release|Any CPU.ActiveCfg = Release|Any CPU
		{3761695D-06BD-4A09-A9C9-3FD5A420FBBE}.Release|Any CPU.Build.0 = Release|Any CPU
		{3761695D-06BD-4A09-A9C9-3FD5A420FBBE}.Release|x64.ActiveCfg = Release|Any CPU
		{3761695D-06BD-4A09-A9C9-3FD5A420FBBE}.Release|x64.Build.0 = Release|Any CPU
		{3761695D-06BD-4A09-A9C9-3FD5A420FBBE}.Release|x86.ActiveCfg = Release|Any CPU
		{3761695D-06BD-4A09-A9C9-3FD5A420FBBE}.Release|x86.Build.0 = Release|Any CPU
		{982D6DF5-1950-4340-8E9F-0AB4851694E7}.Debug|Any CPU.ActiveCfg = Debug|Any CPU
		{982D6DF5-1950-4340-8E9F-0AB4851694E7}.Debug|Any CPU.Build.0 = Debug|Any CPU
		{982D6DF5-1950-4340-8E9F-0AB4851694E7}.Debug|x64.ActiveCfg = Debug|Any CPU
		{982D6DF5-1950-4340-8E9F-0AB4851694E7}.Debug|x64.Build.0 = Debug|Any CPU
		{982D6DF5-1950-4340-8E9F-0AB4851694E7}.Debug|x86.ActiveCfg = Debug|Any CPU
		{982D6DF5-1950-4340-8E9F-0AB4851694E7}.Debug|x86.Build.0 = Debug|Any CPU
		{982D6DF5-1950-4340-8E9F-0AB4851694E7}.Release|Any CPU.ActiveCfg = Release|Any CPU
		{982D6DF5-1950-4340-8E9F-0AB4851694E7}.Release|Any CPU.Build.0 = Release|Any CPU
		{982D6DF5-1950-4340-8E9F-0AB4851694E7}.Release|x64.ActiveCfg = Release|Any CPU
		{982D6DF5-1950-4340-8E9F-0AB4851694E7}.Release|x64.Build.0 = Release|Any CPU
		{982D6DF5-1950-4340-8E9F-0AB4851694E7}.Release|x86.ActiveCfg = Release|Any CPU
		{982D6DF5-1950-4340-8E9F-0AB4851694E7}.Release|x86.Build.0 = Release|Any CPU
		{433B56E0-BB90-48DA-B2B4-F2EC377CD1FE}.Debug|Any CPU.ActiveCfg = Debug|Any CPU
		{433B56E0-BB90-48DA-B2B4-F2EC377CD1FE}.Debug|Any CPU.Build.0 = Debug|Any CPU
		{433B56E0-BB90-48DA-B2B4-F2EC377CD1FE}.Debug|x64.ActiveCfg = Debug|Any CPU
		{433B56E0-BB90-48DA-B2B4-F2EC377CD1FE}.Debug|x64.Build.0 = Debug|Any CPU
		{433B56E0-BB90-48DA-B2B4-F2EC377CD1FE}.Debug|x86.ActiveCfg = Debug|Any CPU
		{433B56E0-BB90-48DA-B2B4-F2EC377CD1FE}.Debug|x86.Build.0 = Debug|Any CPU
		{433B56E0-BB90-48DA-B2B4-F2EC377CD1FE}.Release|Any CPU.ActiveCfg = Release|Any CPU
		{433B56E0-BB90-48DA-B2B4-F2EC377CD1FE}.Release|Any CPU.Build.0 = Release|Any CPU
		{433B56E0-BB90-48DA-B2B4-F2EC377CD1FE}.Release|x64.ActiveCfg = Release|Any CPU
		{433B56E0-BB90-48DA-B2B4-F2EC377CD1FE}.Release|x64.Build.0 = Release|Any CPU
		{433B56E0-BB90-48DA-B2B4-F2EC377CD1FE}.Release|x86.ActiveCfg = Release|Any CPU
		{433B56E0-BB90-48DA-B2B4-F2EC377CD1FE}.Release|x86.Build.0 = Release|Any CPU
		{7C634D92-F8CA-4C1D-9E83-C8A8441977FC}.Debug|Any CPU.ActiveCfg = Debug|Any CPU
		{7C634D92-F8CA-4C1D-9E83-C8A8441977FC}.Debug|Any CPU.Build.0 = Debug|Any CPU
		{7C634D92-F8CA-4C1D-9E83-C8A8441977FC}.Debug|x64.ActiveCfg = Debug|Any CPU
		{7C634D92-F8CA-4C1D-9E83-C8A8441977FC}.Debug|x64.Build.0 = Debug|Any CPU
		{7C634D92-F8CA-4C1D-9E83-C8A8441977FC}.Debug|x86.ActiveCfg = Debug|Any CPU
		{7C634D92-F8CA-4C1D-9E83-C8A8441977FC}.Debug|x86.Build.0 = Debug|Any CPU
		{7C634D92-F8CA-4C1D-9E83-C8A8441977FC}.Release|Any CPU.ActiveCfg = Release|Any CPU
		{7C634D92-F8CA-4C1D-9E83-C8A8441977FC}.Release|Any CPU.Build.0 = Release|Any CPU
		{7C634D92-F8CA-4C1D-9E83-C8A8441977FC}.Release|x64.ActiveCfg = Release|Any CPU
		{7C634D92-F8CA-4C1D-9E83-C8A8441977FC}.Release|x64.Build.0 = Release|Any CPU
		{7C634D92-F8CA-4C1D-9E83-C8A8441977FC}.Release|x86.ActiveCfg = Release|Any CPU
		{7C634D92-F8CA-4C1D-9E83-C8A8441977FC}.Release|x86.Build.0 = Release|Any CPU
		{DE88D0AC-FD0E-4971-AC74-393B2A1DA754}.Debug|Any CPU.ActiveCfg = Debug|Any CPU
		{DE88D0AC-FD0E-4971-AC74-393B2A1DA754}.Debug|Any CPU.Build.0 = Debug|Any CPU
		{DE88D0AC-FD0E-4971-AC74-393B2A1DA754}.Debug|x64.ActiveCfg = Debug|Any CPU
		{DE88D0AC-FD0E-4971-AC74-393B2A1DA754}.Debug|x64.Build.0 = Debug|Any CPU
		{DE88D0AC-FD0E-4971-AC74-393B2A1DA754}.Debug|x86.ActiveCfg = Debug|Any CPU
		{DE88D0AC-FD0E-4971-AC74-393B2A1DA754}.Debug|x86.Build.0 = Debug|Any CPU
		{DE88D0AC-FD0E-4971-AC74-393B2A1DA754}.Release|Any CPU.ActiveCfg = Release|Any CPU
		{DE88D0AC-FD0E-4971-AC74-393B2A1DA754}.Release|Any CPU.Build.0 = Release|Any CPU
		{DE88D0AC-FD0E-4971-AC74-393B2A1DA754}.Release|x64.ActiveCfg = Release|Any CPU
		{DE88D0AC-FD0E-4971-AC74-393B2A1DA754}.Release|x64.Build.0 = Release|Any CPU
		{DE88D0AC-FD0E-4971-AC74-393B2A1DA754}.Release|x86.ActiveCfg = Release|Any CPU
		{DE88D0AC-FD0E-4971-AC74-393B2A1DA754}.Release|x86.Build.0 = Release|Any CPU
		{453107E1-9E74-4FEE-867E-E3DBF73C1C3C}.Debug|Any CPU.ActiveCfg = Debug|Any CPU
		{453107E1-9E74-4FEE-867E-E3DBF73C1C3C}.Debug|Any CPU.Build.0 = Debug|Any CPU
		{453107E1-9E74-4FEE-867E-E3DBF73C1C3C}.Debug|x64.ActiveCfg = Debug|Any CPU
		{453107E1-9E74-4FEE-867E-E3DBF73C1C3C}.Debug|x64.Build.0 = Debug|Any CPU
		{453107E1-9E74-4FEE-867E-E3DBF73C1C3C}.Debug|x86.ActiveCfg = Debug|Any CPU
		{453107E1-9E74-4FEE-867E-E3DBF73C1C3C}.Debug|x86.Build.0 = Debug|Any CPU
		{453107E1-9E74-4FEE-867E-E3DBF73C1C3C}.Release|Any CPU.ActiveCfg = Release|Any CPU
		{453107E1-9E74-4FEE-867E-E3DBF73C1C3C}.Release|Any CPU.Build.0 = Release|Any CPU
		{453107E1-9E74-4FEE-867E-E3DBF73C1C3C}.Release|x64.ActiveCfg = Release|Any CPU
		{453107E1-9E74-4FEE-867E-E3DBF73C1C3C}.Release|x64.Build.0 = Release|Any CPU
		{453107E1-9E74-4FEE-867E-E3DBF73C1C3C}.Release|x86.ActiveCfg = Release|Any CPU
		{453107E1-9E74-4FEE-867E-E3DBF73C1C3C}.Release|x86.Build.0 = Release|Any CPU
		{25BF56CF-06FB-437E-BD0F-DF8C0400E133}.Debug|Any CPU.ActiveCfg = Debug|Any CPU
		{25BF56CF-06FB-437E-BD0F-DF8C0400E133}.Debug|Any CPU.Build.0 = Debug|Any CPU
		{25BF56CF-06FB-437E-BD0F-DF8C0400E133}.Debug|x64.ActiveCfg = Debug|Any CPU
		{25BF56CF-06FB-437E-BD0F-DF8C0400E133}.Debug|x64.Build.0 = Debug|Any CPU
		{25BF56CF-06FB-437E-BD0F-DF8C0400E133}.Debug|x86.ActiveCfg = Debug|Any CPU
		{25BF56CF-06FB-437E-BD0F-DF8C0400E133}.Debug|x86.Build.0 = Debug|Any CPU
		{25BF56CF-06FB-437E-BD0F-DF8C0400E133}.Release|Any CPU.ActiveCfg = Release|Any CPU
		{25BF56CF-06FB-437E-BD0F-DF8C0400E133}.Release|Any CPU.Build.0 = Release|Any CPU
		{25BF56CF-06FB-437E-BD0F-DF8C0400E133}.Release|x64.ActiveCfg = Release|Any CPU
		{25BF56CF-06FB-437E-BD0F-DF8C0400E133}.Release|x64.Build.0 = Release|Any CPU
		{25BF56CF-06FB-437E-BD0F-DF8C0400E133}.Release|x86.ActiveCfg = Release|Any CPU
		{25BF56CF-06FB-437E-BD0F-DF8C0400E133}.Release|x86.Build.0 = Release|Any CPU
		{1A85DB03-3031-4BEF-9940-64EA815E9FE9}.Debug|Any CPU.ActiveCfg = Debug|Any CPU
		{1A85DB03-3031-4BEF-9940-64EA815E9FE9}.Debug|Any CPU.Build.0 = Debug|Any CPU
		{1A85DB03-3031-4BEF-9940-64EA815E9FE9}.Debug|x64.ActiveCfg = Debug|Any CPU
		{1A85DB03-3031-4BEF-9940-64EA815E9FE9}.Debug|x64.Build.0 = Debug|Any CPU
		{1A85DB03-3031-4BEF-9940-64EA815E9FE9}.Debug|x86.ActiveCfg = Debug|Any CPU
		{1A85DB03-3031-4BEF-9940-64EA815E9FE9}.Debug|x86.Build.0 = Debug|Any CPU
		{1A85DB03-3031-4BEF-9940-64EA815E9FE9}.Release|Any CPU.ActiveCfg = Release|Any CPU
		{1A85DB03-3031-4BEF-9940-64EA815E9FE9}.Release|Any CPU.Build.0 = Release|Any CPU
		{1A85DB03-3031-4BEF-9940-64EA815E9FE9}.Release|x64.ActiveCfg = Release|Any CPU
		{1A85DB03-3031-4BEF-9940-64EA815E9FE9}.Release|x64.Build.0 = Release|Any CPU
		{1A85DB03-3031-4BEF-9940-64EA815E9FE9}.Release|x86.ActiveCfg = Release|Any CPU
		{1A85DB03-3031-4BEF-9940-64EA815E9FE9}.Release|x86.Build.0 = Release|Any CPU
		{DF672E32-46EB-4B14-8605-93D637DA2DFB}.Debug|Any CPU.ActiveCfg = Debug|Any CPU
		{DF672E32-46EB-4B14-8605-93D637DA2DFB}.Debug|Any CPU.Build.0 = Debug|Any CPU
		{DF672E32-46EB-4B14-8605-93D637DA2DFB}.Debug|x64.ActiveCfg = Debug|Any CPU
		{DF672E32-46EB-4B14-8605-93D637DA2DFB}.Debug|x64.Build.0 = Debug|Any CPU
		{DF672E32-46EB-4B14-8605-93D637DA2DFB}.Debug|x86.ActiveCfg = Debug|Any CPU
		{DF672E32-46EB-4B14-8605-93D637DA2DFB}.Debug|x86.Build.0 = Debug|Any CPU
		{DF672E32-46EB-4B14-8605-93D637DA2DFB}.Release|Any CPU.ActiveCfg = Release|Any CPU
		{DF672E32-46EB-4B14-8605-93D637DA2DFB}.Release|Any CPU.Build.0 = Release|Any CPU
		{DF672E32-46EB-4B14-8605-93D637DA2DFB}.Release|x64.ActiveCfg = Release|Any CPU
		{DF672E32-46EB-4B14-8605-93D637DA2DFB}.Release|x64.Build.0 = Release|Any CPU
		{DF672E32-46EB-4B14-8605-93D637DA2DFB}.Release|x86.ActiveCfg = Release|Any CPU
		{DF672E32-46EB-4B14-8605-93D637DA2DFB}.Release|x86.Build.0 = Release|Any CPU
		{A1E08D8D-B580-4585-93B7-4B54098E2BB9}.Debug|Any CPU.ActiveCfg = Debug|Any CPU
		{A1E08D8D-B580-4585-93B7-4B54098E2BB9}.Debug|Any CPU.Build.0 = Debug|Any CPU
		{A1E08D8D-B580-4585-93B7-4B54098E2BB9}.Debug|x64.ActiveCfg = Debug|Any CPU
		{A1E08D8D-B580-4585-93B7-4B54098E2BB9}.Debug|x64.Build.0 = Debug|Any CPU
		{A1E08D8D-B580-4585-93B7-4B54098E2BB9}.Debug|x86.ActiveCfg = Debug|Any CPU
		{A1E08D8D-B580-4585-93B7-4B54098E2BB9}.Debug|x86.Build.0 = Debug|Any CPU
		{A1E08D8D-B580-4585-93B7-4B54098E2BB9}.Release|Any CPU.ActiveCfg = Release|Any CPU
		{A1E08D8D-B580-4585-93B7-4B54098E2BB9}.Release|Any CPU.Build.0 = Release|Any CPU
		{A1E08D8D-B580-4585-93B7-4B54098E2BB9}.Release|x64.ActiveCfg = Release|Any CPU
		{A1E08D8D-B580-4585-93B7-4B54098E2BB9}.Release|x64.Build.0 = Release|Any CPU
		{A1E08D8D-B580-4585-93B7-4B54098E2BB9}.Release|x86.ActiveCfg = Release|Any CPU
		{A1E08D8D-B580-4585-93B7-4B54098E2BB9}.Release|x86.Build.0 = Release|Any CPU
		{7164B284-C2C5-4CDE-900E-C70006D8B185}.Debug|Any CPU.ActiveCfg = Debug|Any CPU
		{7164B284-C2C5-4CDE-900E-C70006D8B185}.Debug|Any CPU.Build.0 = Debug|Any CPU
		{7164B284-C2C5-4CDE-900E-C70006D8B185}.Debug|x64.ActiveCfg = Debug|Any CPU
		{7164B284-C2C5-4CDE-900E-C70006D8B185}.Debug|x64.Build.0 = Debug|Any CPU
		{7164B284-C2C5-4CDE-900E-C70006D8B185}.Debug|x86.ActiveCfg = Debug|Any CPU
		{7164B284-C2C5-4CDE-900E-C70006D8B185}.Debug|x86.Build.0 = Debug|Any CPU
		{7164B284-C2C5-4CDE-900E-C70006D8B185}.Release|Any CPU.ActiveCfg = Release|Any CPU
		{7164B284-C2C5-4CDE-900E-C70006D8B185}.Release|Any CPU.Build.0 = Release|Any CPU
		{7164B284-C2C5-4CDE-900E-C70006D8B185}.Release|x64.ActiveCfg = Release|Any CPU
		{7164B284-C2C5-4CDE-900E-C70006D8B185}.Release|x64.Build.0 = Release|Any CPU
		{7164B284-C2C5-4CDE-900E-C70006D8B185}.Release|x86.ActiveCfg = Release|Any CPU
		{7164B284-C2C5-4CDE-900E-C70006D8B185}.Release|x86.Build.0 = Release|Any CPU
		{E4079F01-76ED-420E-BDC0-4E833B6D932F}.Debug|Any CPU.ActiveCfg = Debug|Any CPU
		{E4079F01-76ED-420E-BDC0-4E833B6D932F}.Debug|Any CPU.Build.0 = Debug|Any CPU
		{E4079F01-76ED-420E-BDC0-4E833B6D932F}.Debug|x64.ActiveCfg = Debug|Any CPU
		{E4079F01-76ED-420E-BDC0-4E833B6D932F}.Debug|x64.Build.0 = Debug|Any CPU
		{E4079F01-76ED-420E-BDC0-4E833B6D932F}.Debug|x86.ActiveCfg = Debug|Any CPU
		{E4079F01-76ED-420E-BDC0-4E833B6D932F}.Debug|x86.Build.0 = Debug|Any CPU
		{E4079F01-76ED-420E-BDC0-4E833B6D932F}.Release|Any CPU.ActiveCfg = Release|Any CPU
		{E4079F01-76ED-420E-BDC0-4E833B6D932F}.Release|Any CPU.Build.0 = Release|Any CPU
		{E4079F01-76ED-420E-BDC0-4E833B6D932F}.Release|x64.ActiveCfg = Release|Any CPU
		{E4079F01-76ED-420E-BDC0-4E833B6D932F}.Release|x64.Build.0 = Release|Any CPU
		{E4079F01-76ED-420E-BDC0-4E833B6D932F}.Release|x86.ActiveCfg = Release|Any CPU
		{E4079F01-76ED-420E-BDC0-4E833B6D932F}.Release|x86.Build.0 = Release|Any CPU
		{E8AC686A-4162-4BED-B4D4-E5485F24A167}.Debug|Any CPU.ActiveCfg = Debug|Any CPU
		{E8AC686A-4162-4BED-B4D4-E5485F24A167}.Debug|Any CPU.Build.0 = Debug|Any CPU
		{E8AC686A-4162-4BED-B4D4-E5485F24A167}.Debug|x64.ActiveCfg = Debug|Any CPU
		{E8AC686A-4162-4BED-B4D4-E5485F24A167}.Debug|x64.Build.0 = Debug|Any CPU
		{E8AC686A-4162-4BED-B4D4-E5485F24A167}.Debug|x86.ActiveCfg = Debug|Any CPU
		{E8AC686A-4162-4BED-B4D4-E5485F24A167}.Debug|x86.Build.0 = Debug|Any CPU
		{E8AC686A-4162-4BED-B4D4-E5485F24A167}.Release|Any CPU.ActiveCfg = Release|Any CPU
		{E8AC686A-4162-4BED-B4D4-E5485F24A167}.Release|Any CPU.Build.0 = Release|Any CPU
		{E8AC686A-4162-4BED-B4D4-E5485F24A167}.Release|x64.ActiveCfg = Release|Any CPU
		{E8AC686A-4162-4BED-B4D4-E5485F24A167}.Release|x64.Build.0 = Release|Any CPU
		{E8AC686A-4162-4BED-B4D4-E5485F24A167}.Release|x86.ActiveCfg = Release|Any CPU
		{E8AC686A-4162-4BED-B4D4-E5485F24A167}.Release|x86.Build.0 = Release|Any CPU
		{9103DA39-0C0E-467D-BC9E-892235120295}.Debug|Any CPU.ActiveCfg = Debug|Any CPU
		{9103DA39-0C0E-467D-BC9E-892235120295}.Debug|Any CPU.Build.0 = Debug|Any CPU
		{9103DA39-0C0E-467D-BC9E-892235120295}.Debug|x64.ActiveCfg = Debug|Any CPU
		{9103DA39-0C0E-467D-BC9E-892235120295}.Debug|x64.Build.0 = Debug|Any CPU
		{9103DA39-0C0E-467D-BC9E-892235120295}.Debug|x86.ActiveCfg = Debug|Any CPU
		{9103DA39-0C0E-467D-BC9E-892235120295}.Debug|x86.Build.0 = Debug|Any CPU
		{9103DA39-0C0E-467D-BC9E-892235120295}.Release|Any CPU.ActiveCfg = Release|Any CPU
		{9103DA39-0C0E-467D-BC9E-892235120295}.Release|Any CPU.Build.0 = Release|Any CPU
		{9103DA39-0C0E-467D-BC9E-892235120295}.Release|x64.ActiveCfg = Release|Any CPU
		{9103DA39-0C0E-467D-BC9E-892235120295}.Release|x64.Build.0 = Release|Any CPU
		{9103DA39-0C0E-467D-BC9E-892235120295}.Release|x86.ActiveCfg = Release|Any CPU
		{9103DA39-0C0E-467D-BC9E-892235120295}.Release|x86.Build.0 = Release|Any CPU
		{374AF1B3-8F4B-4BDC-B6B8-3FAAE2D6A5BA}.Debug|Any CPU.ActiveCfg = Debug|Any CPU
		{374AF1B3-8F4B-4BDC-B6B8-3FAAE2D6A5BA}.Debug|Any CPU.Build.0 = Debug|Any CPU
		{374AF1B3-8F4B-4BDC-B6B8-3FAAE2D6A5BA}.Debug|x64.ActiveCfg = Debug|Any CPU
		{374AF1B3-8F4B-4BDC-B6B8-3FAAE2D6A5BA}.Debug|x64.Build.0 = Debug|Any CPU
		{374AF1B3-8F4B-4BDC-B6B8-3FAAE2D6A5BA}.Debug|x86.ActiveCfg = Debug|Any CPU
		{374AF1B3-8F4B-4BDC-B6B8-3FAAE2D6A5BA}.Debug|x86.Build.0 = Debug|Any CPU
		{374AF1B3-8F4B-4BDC-B6B8-3FAAE2D6A5BA}.Release|Any CPU.ActiveCfg = Release|Any CPU
		{374AF1B3-8F4B-4BDC-B6B8-3FAAE2D6A5BA}.Release|Any CPU.Build.0 = Release|Any CPU
		{374AF1B3-8F4B-4BDC-B6B8-3FAAE2D6A5BA}.Release|x64.ActiveCfg = Release|Any CPU
		{374AF1B3-8F4B-4BDC-B6B8-3FAAE2D6A5BA}.Release|x64.Build.0 = Release|Any CPU
		{374AF1B3-8F4B-4BDC-B6B8-3FAAE2D6A5BA}.Release|x86.ActiveCfg = Release|Any CPU
		{374AF1B3-8F4B-4BDC-B6B8-3FAAE2D6A5BA}.Release|x86.Build.0 = Release|Any CPU
		{02BD2613-A95B-4FB1-B325-BCCF8931ACC5}.Debug|Any CPU.ActiveCfg = Debug|Any CPU
		{02BD2613-A95B-4FB1-B325-BCCF8931ACC5}.Debug|Any CPU.Build.0 = Debug|Any CPU
		{02BD2613-A95B-4FB1-B325-BCCF8931ACC5}.Debug|x64.ActiveCfg = Debug|Any CPU
		{02BD2613-A95B-4FB1-B325-BCCF8931ACC5}.Debug|x64.Build.0 = Debug|Any CPU
		{02BD2613-A95B-4FB1-B325-BCCF8931ACC5}.Debug|x86.ActiveCfg = Debug|Any CPU
		{02BD2613-A95B-4FB1-B325-BCCF8931ACC5}.Debug|x86.Build.0 = Debug|Any CPU
		{02BD2613-A95B-4FB1-B325-BCCF8931ACC5}.Release|Any CPU.ActiveCfg = Release|Any CPU
		{02BD2613-A95B-4FB1-B325-BCCF8931ACC5}.Release|Any CPU.Build.0 = Release|Any CPU
		{02BD2613-A95B-4FB1-B325-BCCF8931ACC5}.Release|x64.ActiveCfg = Release|Any CPU
		{02BD2613-A95B-4FB1-B325-BCCF8931ACC5}.Release|x64.Build.0 = Release|Any CPU
		{02BD2613-A95B-4FB1-B325-BCCF8931ACC5}.Release|x86.ActiveCfg = Release|Any CPU
		{02BD2613-A95B-4FB1-B325-BCCF8931ACC5}.Release|x86.Build.0 = Release|Any CPU
		{18B2544D-C843-46A6-8373-346B67AA487D}.Debug|Any CPU.ActiveCfg = Debug|Any CPU
		{18B2544D-C843-46A6-8373-346B67AA487D}.Debug|Any CPU.Build.0 = Debug|Any CPU
		{18B2544D-C843-46A6-8373-346B67AA487D}.Debug|x64.ActiveCfg = Debug|Any CPU
		{18B2544D-C843-46A6-8373-346B67AA487D}.Debug|x64.Build.0 = Debug|Any CPU
		{18B2544D-C843-46A6-8373-346B67AA487D}.Debug|x86.ActiveCfg = Debug|Any CPU
		{18B2544D-C843-46A6-8373-346B67AA487D}.Debug|x86.Build.0 = Debug|Any CPU
		{18B2544D-C843-46A6-8373-346B67AA487D}.Release|Any CPU.ActiveCfg = Release|Any CPU
		{18B2544D-C843-46A6-8373-346B67AA487D}.Release|Any CPU.Build.0 = Release|Any CPU
		{18B2544D-C843-46A6-8373-346B67AA487D}.Release|x64.ActiveCfg = Release|Any CPU
		{18B2544D-C843-46A6-8373-346B67AA487D}.Release|x64.Build.0 = Release|Any CPU
		{18B2544D-C843-46A6-8373-346B67AA487D}.Release|x86.ActiveCfg = Release|Any CPU
		{18B2544D-C843-46A6-8373-346B67AA487D}.Release|x86.Build.0 = Release|Any CPU
		{2B166E41-78B7-4467-84E5-5855200CEB30}.Debug|Any CPU.ActiveCfg = Debug|Any CPU
		{2B166E41-78B7-4467-84E5-5855200CEB30}.Debug|Any CPU.Build.0 = Debug|Any CPU
		{2B166E41-78B7-4467-84E5-5855200CEB30}.Debug|x64.ActiveCfg = Debug|Any CPU
		{2B166E41-78B7-4467-84E5-5855200CEB30}.Debug|x64.Build.0 = Debug|Any CPU
		{2B166E41-78B7-4467-84E5-5855200CEB30}.Debug|x86.ActiveCfg = Debug|Any CPU
		{2B166E41-78B7-4467-84E5-5855200CEB30}.Debug|x86.Build.0 = Debug|Any CPU
		{2B166E41-78B7-4467-84E5-5855200CEB30}.Release|Any CPU.ActiveCfg = Release|Any CPU
		{2B166E41-78B7-4467-84E5-5855200CEB30}.Release|Any CPU.Build.0 = Release|Any CPU
		{2B166E41-78B7-4467-84E5-5855200CEB30}.Release|x64.ActiveCfg = Release|Any CPU
		{2B166E41-78B7-4467-84E5-5855200CEB30}.Release|x64.Build.0 = Release|Any CPU
		{2B166E41-78B7-4467-84E5-5855200CEB30}.Release|x86.ActiveCfg = Release|Any CPU
		{2B166E41-78B7-4467-84E5-5855200CEB30}.Release|x86.Build.0 = Release|Any CPU
		{E6D14F3A-3883-4374-A514-EC0B342BB5E4}.Debug|Any CPU.ActiveCfg = Debug|Any CPU
		{E6D14F3A-3883-4374-A514-EC0B342BB5E4}.Debug|Any CPU.Build.0 = Debug|Any CPU
		{E6D14F3A-3883-4374-A514-EC0B342BB5E4}.Debug|x64.ActiveCfg = Debug|Any CPU
		{E6D14F3A-3883-4374-A514-EC0B342BB5E4}.Debug|x64.Build.0 = Debug|Any CPU
		{E6D14F3A-3883-4374-A514-EC0B342BB5E4}.Debug|x86.ActiveCfg = Debug|Any CPU
		{E6D14F3A-3883-4374-A514-EC0B342BB5E4}.Debug|x86.Build.0 = Debug|Any CPU
		{E6D14F3A-3883-4374-A514-EC0B342BB5E4}.Release|Any CPU.ActiveCfg = Release|Any CPU
		{E6D14F3A-3883-4374-A514-EC0B342BB5E4}.Release|Any CPU.Build.0 = Release|Any CPU
		{E6D14F3A-3883-4374-A514-EC0B342BB5E4}.Release|x64.ActiveCfg = Release|Any CPU
		{E6D14F3A-3883-4374-A514-EC0B342BB5E4}.Release|x64.Build.0 = Release|Any CPU
		{E6D14F3A-3883-4374-A514-EC0B342BB5E4}.Release|x86.ActiveCfg = Release|Any CPU
		{E6D14F3A-3883-4374-A514-EC0B342BB5E4}.Release|x86.Build.0 = Release|Any CPU
		{7A7DD22C-DBAA-4AB3-98C5-DEE668C5E10B}.Debug|Any CPU.ActiveCfg = Debug|Any CPU
		{7A7DD22C-DBAA-4AB3-98C5-DEE668C5E10B}.Debug|Any CPU.Build.0 = Debug|Any CPU
		{7A7DD22C-DBAA-4AB3-98C5-DEE668C5E10B}.Debug|x64.ActiveCfg = Debug|Any CPU
		{7A7DD22C-DBAA-4AB3-98C5-DEE668C5E10B}.Debug|x64.Build.0 = Debug|Any CPU
		{7A7DD22C-DBAA-4AB3-98C5-DEE668C5E10B}.Debug|x86.ActiveCfg = Debug|Any CPU
		{7A7DD22C-DBAA-4AB3-98C5-DEE668C5E10B}.Debug|x86.Build.0 = Debug|Any CPU
		{7A7DD22C-DBAA-4AB3-98C5-DEE668C5E10B}.Release|Any CPU.ActiveCfg = Release|Any CPU
		{7A7DD22C-DBAA-4AB3-98C5-DEE668C5E10B}.Release|Any CPU.Build.0 = Release|Any CPU
		{7A7DD22C-DBAA-4AB3-98C5-DEE668C5E10B}.Release|x64.ActiveCfg = Release|Any CPU
		{7A7DD22C-DBAA-4AB3-98C5-DEE668C5E10B}.Release|x64.Build.0 = Release|Any CPU
		{7A7DD22C-DBAA-4AB3-98C5-DEE668C5E10B}.Release|x86.ActiveCfg = Release|Any CPU
		{7A7DD22C-DBAA-4AB3-98C5-DEE668C5E10B}.Release|x86.Build.0 = Release|Any CPU
		{D32974A1-6332-44AE-AA11-981073B7E2C3}.Debug|Any CPU.ActiveCfg = Debug|Any CPU
		{D32974A1-6332-44AE-AA11-981073B7E2C3}.Debug|Any CPU.Build.0 = Debug|Any CPU
		{D32974A1-6332-44AE-AA11-981073B7E2C3}.Debug|x64.ActiveCfg = Debug|Any CPU
		{D32974A1-6332-44AE-AA11-981073B7E2C3}.Debug|x64.Build.0 = Debug|Any CPU
		{D32974A1-6332-44AE-AA11-981073B7E2C3}.Debug|x86.ActiveCfg = Debug|Any CPU
		{D32974A1-6332-44AE-AA11-981073B7E2C3}.Debug|x86.Build.0 = Debug|Any CPU
		{D32974A1-6332-44AE-AA11-981073B7E2C3}.Release|Any CPU.ActiveCfg = Release|Any CPU
		{D32974A1-6332-44AE-AA11-981073B7E2C3}.Release|Any CPU.Build.0 = Release|Any CPU
		{D32974A1-6332-44AE-AA11-981073B7E2C3}.Release|x64.ActiveCfg = Release|Any CPU
		{D32974A1-6332-44AE-AA11-981073B7E2C3}.Release|x64.Build.0 = Release|Any CPU
		{D32974A1-6332-44AE-AA11-981073B7E2C3}.Release|x86.ActiveCfg = Release|Any CPU
		{D32974A1-6332-44AE-AA11-981073B7E2C3}.Release|x86.Build.0 = Release|Any CPU
	EndGlobalSection
	GlobalSection(SolutionProperties) = preSolution
		HideSolutionNode = FALSE
	EndGlobalSection
	GlobalSection(NestedProjects) = preSolution
		{BF4A5A45-8B00-472D-8329-14C2B28A14E3} = {C5B8B722-310D-4ADA-A26D-F2F7988963CE}
		{D676B437-7D9C-4326-B089-75C29186E7DF} = {C5B8B722-310D-4ADA-A26D-F2F7988963CE}
		{CB5D843B-51B7-498E-BB3F-902AB0A4F0BA} = {32CCE864-ACCA-4912-9C18-EE3FFD706644}
		{BDE642C0-E002-464B-94E4-36023720CB8C} = {32CCE864-ACCA-4912-9C18-EE3FFD706644}
		{5E9DCE74-EE23-47B7-B14D-E9BDDE6EBA81} = {32CCE864-ACCA-4912-9C18-EE3FFD706644}
		{3761695D-06BD-4A09-A9C9-3FD5A420FBBE} = {32CCE864-ACCA-4912-9C18-EE3FFD706644}
		{982D6DF5-1950-4340-8E9F-0AB4851694E7} = {32CCE864-ACCA-4912-9C18-EE3FFD706644}
		{433B56E0-BB90-48DA-B2B4-F2EC377CD1FE} = {32CCE864-ACCA-4912-9C18-EE3FFD706644}
		{7C634D92-F8CA-4C1D-9E83-C8A8441977FC} = {32CCE864-ACCA-4912-9C18-EE3FFD706644}
		{DE88D0AC-FD0E-4971-AC74-393B2A1DA754} = {32CCE864-ACCA-4912-9C18-EE3FFD706644}
		{453107E1-9E74-4FEE-867E-E3DBF73C1C3C} = {32CCE864-ACCA-4912-9C18-EE3FFD706644}
		{25BF56CF-06FB-437E-BD0F-DF8C0400E133} = {2B3786E7-638F-4418-8E60-81C9731F60D0}
		{1A85DB03-3031-4BEF-9940-64EA815E9FE9} = {2B3786E7-638F-4418-8E60-81C9731F60D0}
		{DF672E32-46EB-4B14-8605-93D637DA2DFB} = {CAE135C7-9D08-4110-8649-969828302E0A}
		{A1E08D8D-B580-4585-93B7-4B54098E2BB9} = {0E6A2F45-2F68-4234-8B8C-AD5A180266B1}
		{7164B284-C2C5-4CDE-900E-C70006D8B185} = {0E6A2F45-2F68-4234-8B8C-AD5A180266B1}
		{E4079F01-76ED-420E-BDC0-4E833B6D932F} = {0E6A2F45-2F68-4234-8B8C-AD5A180266B1}
		{E8AC686A-4162-4BED-B4D4-E5485F24A167} = {0E6A2F45-2F68-4234-8B8C-AD5A180266B1}
		{9103DA39-0C0E-467D-BC9E-892235120295} = {0E6A2F45-2F68-4234-8B8C-AD5A180266B1}
		{374AF1B3-8F4B-4BDC-B6B8-3FAAE2D6A5BA} = {0E6A2F45-2F68-4234-8B8C-AD5A180266B1}
		{02BD2613-A95B-4FB1-B325-BCCF8931ACC5} = {0E6A2F45-2F68-4234-8B8C-AD5A180266B1}
		{18B2544D-C843-46A6-8373-346B67AA487D} = {0E6A2F45-2F68-4234-8B8C-AD5A180266B1}
		{2B166E41-78B7-4467-84E5-5855200CEB30} = {0E6A2F45-2F68-4234-8B8C-AD5A180266B1}
		{E6D14F3A-3883-4374-A514-EC0B342BB5E4} = {0E6A2F45-2F68-4234-8B8C-AD5A180266B1}
		{7A7DD22C-DBAA-4AB3-98C5-DEE668C5E10B} = {C5B8B722-310D-4ADA-A26D-F2F7988963CE}
		{D32974A1-6332-44AE-AA11-981073B7E2C3} = {C5B8B722-310D-4ADA-A26D-F2F7988963CE}
	EndGlobalSection
	GlobalSection(ExtensibilityGlobals) = postSolution
		SolutionGuid = {8A0BBE81-6905-4BD2-86DB-44B6D43B4DEF}
	EndGlobalSection
EndGlobal
