
Microsoft Visual Studio Solution File, Format Version 12.00
# Visual Studio Version 16
VisualStudioVersion = 16.0.30114.105
MinimumVisualStudioVersion = 10.0.40219.1
Project("{2150E333-8FDC-42A3-9474-1A3956D46DE8}") = "Common", "Common", "{C5B8B722-310D-4ADA-A26D-F2F7988963CE}"
EndProject
Project("{9A19103F-16F7-4668-BE54-9A1E7A4F7556}") = "DomainDesign.Common", "Common\DomainDesign.Common\DomainDesign.Common.csproj", "{BF4A5A45-8B00-472D-8329-14C2B28A14E3}"
EndProject
Project("{9A19103F-16F7-4668-BE54-9A1E7A4F7556}") = "DomainDesign.Common.UnitTests", "Common\DomainDesign.Common.UnitTests\DomainDesign.Common.UnitTests.csproj", "{D676B437-7D9C-4326-B089-75C29186E7DF}"
EndProject
Project("{2150E333-8FDC-42A3-9474-1A3956D46DE8}") = "TournamentManagement", "TournamentManagement", "{32CCE864-ACCA-4912-9C18-EE3FFD706644}"
EndProject
Project("{9A19103F-16F7-4668-BE54-9A1E7A4F7556}") = "TournamentManagement.Domain", "TournamentManagement\TournamentManagement.Domain\TournamentManagement.Domain.csproj", "{CB5D843B-51B7-498E-BB3F-902AB0A4F0BA}"
EndProject
Project("{9A19103F-16F7-4668-BE54-9A1E7A4F7556}") = "TournamentManagement.Domain.UnitTests", "TournamentManagement\TournamentManagement.Domain.UnitTests\TournamentManagement.Domain.UnitTests.csproj", "{BDE642C0-E002-464B-94E4-36023720CB8C}"
EndProject
Project("{9A19103F-16F7-4668-BE54-9A1E7A4F7556}") = "TournamentManagement.WebApi", "TournamentManagement\TournamentManagement.WebApi\TournamentManagement.WebApi.csproj", "{5E9DCE74-EE23-47B7-B14D-E9BDDE6EBA81}"
EndProject
Project("{9A19103F-16F7-4668-BE54-9A1E7A4F7556}") = "TournamentManagement.Application", "TournamentManagement\TournamentManagement.Application\TournamentManagement.Application.csproj", "{3761695D-06BD-4A09-A9C9-3FD5A420FBBE}"
EndProject
Project("{9A19103F-16F7-4668-BE54-9A1E7A4F7556}") = "TournamentManagement.Data", "TournamentManagement\TournamentManagement.Data\TournamentManagement.Data.csproj", "{982D6DF5-1950-4340-8E9F-0AB4851694E7}"
EndProject
Project("{9A19103F-16F7-4668-BE54-9A1E7A4F7556}") = "TournamentManagement.Console", "TournamentManagement\TournamentManagement.Console\TournamentManagement.Console.csproj", "{433B56E0-BB90-48DA-B2B4-F2EC377CD1FE}"
EndProject
Project("{9A19103F-16F7-4668-BE54-9A1E7A4F7556}") = "TournamentManagement.Contract", "TournamentManagement\TournamentManagement.Contract\TournamentManagement.Contract.csproj", "{7C634D92-F8CA-4C1D-9E83-C8A8441977FC}"
EndProject
Project("{9A19103F-16F7-4668-BE54-9A1E7A4F7556}") = "TournamentManagement.Common", "TournamentManagement\TournamentManagement.Common\TournamentManagement.Common.csproj", "{DE88D0AC-FD0E-4971-AC74-393B2A1DA754}"
EndProject
Project("{9A19103F-16F7-4668-BE54-9A1E7A4F7556}") = "TournamentManagement.Query", "TournamentManagement\TournamentManagement.Query\TournamentManagement.Query.csproj", "{453107E1-9E74-4FEE-867E-E3DBF73C1C3C}"
EndProject
Project("{2150E333-8FDC-42A3-9474-1A3956D46DE8}") = "IdentityServer", "IdentityServer", "{2B3786E7-638F-4418-8E60-81C9731F60D0}"
EndProject
Project("{9A19103F-16F7-4668-BE54-9A1E7A4F7556}") = "IdentityServer", "IdentityServer\IdentityServer.csproj", "{25BF56CF-06FB-437E-BD0F-DF8C0400E133}"
EndProject
Global
	GlobalSection(SolutionConfigurationPlatforms) = preSolution
		Debug|Any CPU = Debug|Any CPU
		Debug|x64 = Debug|x64
		Debug|x86 = Debug|x86
		Release|Any CPU = Release|Any CPU
		Release|x64 = Release|x64
		Release|x86 = Release|x86
	EndGlobalSection
	GlobalSection(ProjectConfigurationPlatforms) = postSolution
		{BF4A5A45-8B00-472D-8329-14C2B28A14E3}.Debug|Any CPU.ActiveCfg = Debug|Any CPU
		{BF4A5A45-8B00-472D-8329-14C2B28A14E3}.Debug|Any CPU.Build.0 = Debug|Any CPU
		{BF4A5A45-8B00-472D-8329-14C2B28A14E3}.Debug|x64.ActiveCfg = Debug|Any CPU
		{BF4A5A45-8B00-472D-8329-14C2B28A14E3}.Debug|x64.Build.0 = Debug|Any CPU
		{BF4A5A45-8B00-472D-8329-14C2B28A14E3}.Debug|x86.ActiveCfg = Debug|Any CPU
		{BF4A5A45-8B00-472D-8329-14C2B28A14E3}.Debug|x86.Build.0 = Debug|Any CPU
		{BF4A5A45-8B00-472D-8329-14C2B28A14E3}.Release|Any CPU.ActiveCfg = Release|Any CPU
		{BF4A5A45-8B00-472D-8329-14C2B28A14E3}.Release|Any CPU.Build.0 = Release|Any CPU
		{BF4A5A45-8B00-472D-8329-14C2B28A14E3}.Release|x64.ActiveCfg = Release|Any CPU
		{BF4A5A45-8B00-472D-8329-14C2B28A14E3}.Release|x64.Build.0 = Release|Any CPU
		{BF4A5A45-8B00-472D-8329-14C2B28A14E3}.Release|x86.ActiveCfg = Release|Any CPU
		{BF4A5A45-8B00-472D-8329-14C2B28A14E3}.Release|x86.Build.0 = Release|Any CPU
		{D676B437-7D9C-4326-B089-75C29186E7DF}.Debug|Any CPU.ActiveCfg = Debug|Any CPU
		{D676B437-7D9C-4326-B089-75C29186E7DF}.Debug|Any CPU.Build.0 = Debug|Any CPU
		{D676B437-7D9C-4326-B089-75C29186E7DF}.Debug|x64.ActiveCfg = Debug|Any CPU
		{D676B437-7D9C-4326-B089-75C29186E7DF}.Debug|x64.Build.0 = Debug|Any CPU
		{D676B437-7D9C-4326-B089-75C29186E7DF}.Debug|x86.ActiveCfg = Debug|Any CPU
		{D676B437-7D9C-4326-B089-75C29186E7DF}.Debug|x86.Build.0 = Debug|Any CPU
		{D676B437-7D9C-4326-B089-75C29186E7DF}.Release|Any CPU.ActiveCfg = Release|Any CPU
		{D676B437-7D9C-4326-B089-75C29186E7DF}.Release|Any CPU.Build.0 = Release|Any CPU
		{D676B437-7D9C-4326-B089-75C29186E7DF}.Release|x64.ActiveCfg = Release|Any CPU
		{D676B437-7D9C-4326-B089-75C29186E7DF}.Release|x64.Build.0 = Release|Any CPU
		{D676B437-7D9C-4326-B089-75C29186E7DF}.Release|x86.ActiveCfg = Release|Any CPU
		{D676B437-7D9C-4326-B089-75C29186E7DF}.Release|x86.Build.0 = Release|Any CPU
		{CB5D843B-51B7-498E-BB3F-902AB0A4F0BA}.Debug|Any CPU.ActiveCfg = Debug|Any CPU
		{CB5D843B-51B7-498E-BB3F-902AB0A4F0BA}.Debug|Any CPU.Build.0 = Debug|Any CPU
		{CB5D843B-51B7-498E-BB3F-902AB0A4F0BA}.Debug|x64.ActiveCfg = Debug|Any CPU
		{CB5D843B-51B7-498E-BB3F-902AB0A4F0BA}.Debug|x64.Build.0 = Debug|Any CPU
		{CB5D843B-51B7-498E-BB3F-902AB0A4F0BA}.Debug|x86.ActiveCfg = Debug|Any CPU
		{CB5D843B-51B7-498E-BB3F-902AB0A4F0BA}.Debug|x86.Build.0 = Debug|Any CPU
		{CB5D843B-51B7-498E-BB3F-902AB0A4F0BA}.Release|Any CPU.ActiveCfg = Release|Any CPU
		{CB5D843B-51B7-498E-BB3F-902AB0A4F0BA}.Release|Any CPU.Build.0 = Release|Any CPU
		{CB5D843B-51B7-498E-BB3F-902AB0A4F0BA}.Release|x64.ActiveCfg = Release|Any CPU
		{CB5D843B-51B7-498E-BB3F-902AB0A4F0BA}.Release|x64.Build.0 = Release|Any CPU
		{CB5D843B-51B7-498E-BB3F-902AB0A4F0BA}.Release|x86.ActiveCfg = Release|Any CPU
		{CB5D843B-51B7-498E-BB3F-902AB0A4F0BA}.Release|x86.Build.0 = Release|Any CPU
		{BDE642C0-E002-464B-94E4-36023720CB8C}.Debug|Any CPU.ActiveCfg = Debug|Any CPU
		{BDE642C0-E002-464B-94E4-36023720CB8C}.Debug|Any CPU.Build.0 = Debug|Any CPU
		{BDE642C0-E002-464B-94E4-36023720CB8C}.Debug|x64.ActiveCfg = Debug|Any CPU
		{BDE642C0-E002-464B-94E4-36023720CB8C}.Debug|x64.Build.0 = Debug|Any CPU
		{BDE642C0-E002-464B-94E4-36023720CB8C}.Debug|x86.ActiveCfg = Debug|Any CPU
		{BDE642C0-E002-464B-94E4-36023720CB8C}.Debug|x86.Build.0 = Debug|Any CPU
		{BDE642C0-E002-464B-94E4-36023720CB8C}.Release|Any CPU.ActiveCfg = Release|Any CPU
		{BDE642C0-E002-464B-94E4-36023720CB8C}.Release|Any CPU.Build.0 = Release|Any CPU
		{BDE642C0-E002-464B-94E4-36023720CB8C}.Release|x64.ActiveCfg = Release|Any CPU
		{BDE642C0-E002-464B-94E4-36023720CB8C}.Release|x64.Build.0 = Release|Any CPU
		{BDE642C0-E002-464B-94E4-36023720CB8C}.Release|x86.ActiveCfg = Release|Any CPU
		{BDE642C0-E002-464B-94E4-36023720CB8C}.Release|x86.Build.0 = Release|Any CPU
		{5E9DCE74-EE23-47B7-B14D-E9BDDE6EBA81}.Debug|Any CPU.ActiveCfg = Debug|Any CPU
		{5E9DCE74-EE23-47B7-B14D-E9BDDE6EBA81}.Debug|Any CPU.Build.0 = Debug|Any CPU
		{5E9DCE74-EE23-47B7-B14D-E9BDDE6EBA81}.Debug|x64.ActiveCfg = Debug|Any CPU
		{5E9DCE74-EE23-47B7-B14D-E9BDDE6EBA81}.Debug|x64.Build.0 = Debug|Any CPU
		{5E9DCE74-EE23-47B7-B14D-E9BDDE6EBA81}.Debug|x86.ActiveCfg = Debug|Any CPU
		{5E9DCE74-EE23-47B7-B14D-E9BDDE6EBA81}.Debug|x86.Build.0 = Debug|Any CPU
		{5E9DCE74-EE23-47B7-B14D-E9BDDE6EBA81}.Release|Any CPU.ActiveCfg = Release|Any CPU
		{5E9DCE74-EE23-47B7-B14D-E9BDDE6EBA81}.Release|Any CPU.Build.0 = Release|Any CPU
		{5E9DCE74-EE23-47B7-B14D-E9BDDE6EBA81}.Release|x64.ActiveCfg = Release|Any CPU
		{5E9DCE74-EE23-47B7-B14D-E9BDDE6EBA81}.Release|x64.Build.0 = Release|Any CPU
		{5E9DCE74-EE23-47B7-B14D-E9BDDE6EBA81}.Release|x86.ActiveCfg = Release|Any CPU
		{5E9DCE74-EE23-47B7-B14D-E9BDDE6EBA81}.Release|x86.Build.0 = Release|Any CPU
		{3761695D-06BD-4A09-A9C9-3FD5A420FBBE}.Debug|Any CPU.ActiveCfg = Debug|Any CPU
		{3761695D-06BD-4A09-A9C9-3FD5A420FBBE}.Debug|Any CPU.Build.0 = Debug|Any CPU
		{3761695D-06BD-4A09-A9C9-3FD5A420FBBE}.Debug|x64.ActiveCfg = Debug|Any CPU
		{3761695D-06BD-4A09-A9C9-3FD5A420FBBE}.Debug|x64.Build.0 = Debug|Any CPU
		{3761695D-06BD-4A09-A9C9-3FD5A420FBBE}.Debug|x86.ActiveCfg = Debug|Any CPU
		{3761695D-06BD-4A09-A9C9-3FD5A420FBBE}.Debug|x86.Build.0 = Debug|Any CPU
		{3761695D-06BD-4A09-A9C9-3FD5A420FBBE}.Release|Any CPU.ActiveCfg = Release|Any CPU
		{3761695D-06BD-4A09-A9C9-3FD5A420FBBE}.Release|Any CPU.Build.0 = Release|Any CPU
		{3761695D-06BD-4A09-A9C9-3FD5A420FBBE}.Release|x64.ActiveCfg = Release|Any CPU
		{3761695D-06BD-4A09-A9C9-3FD5A420FBBE}.Release|x64.Build.0 = Release|Any CPU
		{3761695D-06BD-4A09-A9C9-3FD5A420FBBE}.Release|x86.ActiveCfg = Release|Any CPU
		{3761695D-06BD-4A09-A9C9-3FD5A420FBBE}.Release|x86.Build.0 = Release|Any CPU
		{982D6DF5-1950-4340-8E9F-0AB4851694E7}.Debug|Any CPU.ActiveCfg = Debug|Any CPU
		{982D6DF5-1950-4340-8E9F-0AB4851694E7}.Debug|Any CPU.Build.0 = Debug|Any CPU
		{982D6DF5-1950-4340-8E9F-0AB4851694E7}.Debug|x64.ActiveCfg = Debug|Any CPU
		{982D6DF5-1950-4340-8E9F-0AB4851694E7}.Debug|x64.Build.0 = Debug|Any CPU
		{982D6DF5-1950-4340-8E9F-0AB4851694E7}.Debug|x86.ActiveCfg = Debug|Any CPU
		{982D6DF5-1950-4340-8E9F-0AB4851694E7}.Debug|x86.Build.0 = Debug|Any CPU
		{982D6DF5-1950-4340-8E9F-0AB4851694E7}.Release|Any CPU.ActiveCfg = Release|Any CPU
		{982D6DF5-1950-4340-8E9F-0AB4851694E7}.Release|Any CPU.Build.0 = Release|Any CPU
		{982D6DF5-1950-4340-8E9F-0AB4851694E7}.Release|x64.ActiveCfg = Release|Any CPU
		{982D6DF5-1950-4340-8E9F-0AB4851694E7}.Release|x64.Build.0 = Release|Any CPU
		{982D6DF5-1950-4340-8E9F-0AB4851694E7}.Release|x86.ActiveCfg = Release|Any CPU
		{982D6DF5-1950-4340-8E9F-0AB4851694E7}.Release|x86.Build.0 = Release|Any CPU
		{433B56E0-BB90-48DA-B2B4-F2EC377CD1FE}.Debug|Any CPU.ActiveCfg = Debug|Any CPU
		{433B56E0-BB90-48DA-B2B4-F2EC377CD1FE}.Debug|Any CPU.Build.0 = Debug|Any CPU
		{433B56E0-BB90-48DA-B2B4-F2EC377CD1FE}.Debug|x64.ActiveCfg = Debug|Any CPU
		{433B56E0-BB90-48DA-B2B4-F2EC377CD1FE}.Debug|x64.Build.0 = Debug|Any CPU
		{433B56E0-BB90-48DA-B2B4-F2EC377CD1FE}.Debug|x86.ActiveCfg = Debug|Any CPU
		{433B56E0-BB90-48DA-B2B4-F2EC377CD1FE}.Debug|x86.Build.0 = Debug|Any CPU
		{433B56E0-BB90-48DA-B2B4-F2EC377CD1FE}.Release|Any CPU.ActiveCfg = Release|Any CPU
		{433B56E0-BB90-48DA-B2B4-F2EC377CD1FE}.Release|Any CPU.Build.0 = Release|Any CPU
		{433B56E0-BB90-48DA-B2B4-F2EC377CD1FE}.Release|x64.ActiveCfg = Release|Any CPU
		{433B56E0-BB90-48DA-B2B4-F2EC377CD1FE}.Release|x64.Build.0 = Release|Any CPU
		{433B56E0-BB90-48DA-B2B4-F2EC377CD1FE}.Release|x86.ActiveCfg = Release|Any CPU
		{433B56E0-BB90-48DA-B2B4-F2EC377CD1FE}.Release|x86.Build.0 = Release|Any CPU
		{7C634D92-F8CA-4C1D-9E83-C8A8441977FC}.Debug|Any CPU.ActiveCfg = Debug|Any CPU
		{7C634D92-F8CA-4C1D-9E83-C8A8441977FC}.Debug|Any CPU.Build.0 = Debug|Any CPU
		{7C634D92-F8CA-4C1D-9E83-C8A8441977FC}.Debug|x64.ActiveCfg = Debug|Any CPU
		{7C634D92-F8CA-4C1D-9E83-C8A8441977FC}.Debug|x64.Build.0 = Debug|Any CPU
		{7C634D92-F8CA-4C1D-9E83-C8A8441977FC}.Debug|x86.ActiveCfg = Debug|Any CPU
		{7C634D92-F8CA-4C1D-9E83-C8A8441977FC}.Debug|x86.Build.0 = Debug|Any CPU
		{7C634D92-F8CA-4C1D-9E83-C8A8441977FC}.Release|Any CPU.ActiveCfg = Release|Any CPU
		{7C634D92-F8CA-4C1D-9E83-C8A8441977FC}.Release|Any CPU.Build.0 = Release|Any CPU
		{7C634D92-F8CA-4C1D-9E83-C8A8441977FC}.Release|x64.ActiveCfg = Release|Any CPU
		{7C634D92-F8CA-4C1D-9E83-C8A8441977FC}.Release|x64.Build.0 = Release|Any CPU
		{7C634D92-F8CA-4C1D-9E83-C8A8441977FC}.Release|x86.ActiveCfg = Release|Any CPU
		{7C634D92-F8CA-4C1D-9E83-C8A8441977FC}.Release|x86.Build.0 = Release|Any CPU
		{DE88D0AC-FD0E-4971-AC74-393B2A1DA754}.Debug|Any CPU.ActiveCfg = Debug|Any CPU
		{DE88D0AC-FD0E-4971-AC74-393B2A1DA754}.Debug|Any CPU.Build.0 = Debug|Any CPU
		{DE88D0AC-FD0E-4971-AC74-393B2A1DA754}.Debug|x64.ActiveCfg = Debug|Any CPU
		{DE88D0AC-FD0E-4971-AC74-393B2A1DA754}.Debug|x64.Build.0 = Debug|Any CPU
		{DE88D0AC-FD0E-4971-AC74-393B2A1DA754}.Debug|x86.ActiveCfg = Debug|Any CPU
		{DE88D0AC-FD0E-4971-AC74-393B2A1DA754}.Debug|x86.Build.0 = Debug|Any CPU
		{DE88D0AC-FD0E-4971-AC74-393B2A1DA754}.Release|Any CPU.ActiveCfg = Release|Any CPU
		{DE88D0AC-FD0E-4971-AC74-393B2A1DA754}.Release|Any CPU.Build.0 = Release|Any CPU
		{DE88D0AC-FD0E-4971-AC74-393B2A1DA754}.Release|x64.ActiveCfg = Release|Any CPU
		{DE88D0AC-FD0E-4971-AC74-393B2A1DA754}.Release|x64.Build.0 = Release|Any CPU
		{DE88D0AC-FD0E-4971-AC74-393B2A1DA754}.Release|x86.ActiveCfg = Release|Any CPU
		{DE88D0AC-FD0E-4971-AC74-393B2A1DA754}.Release|x86.Build.0 = Release|Any CPU
		{453107E1-9E74-4FEE-867E-E3DBF73C1C3C}.Debug|Any CPU.ActiveCfg = Debug|Any CPU
		{453107E1-9E74-4FEE-867E-E3DBF73C1C3C}.Debug|Any CPU.Build.0 = Debug|Any CPU
		{453107E1-9E74-4FEE-867E-E3DBF73C1C3C}.Debug|x64.ActiveCfg = Debug|Any CPU
		{453107E1-9E74-4FEE-867E-E3DBF73C1C3C}.Debug|x64.Build.0 = Debug|Any CPU
		{453107E1-9E74-4FEE-867E-E3DBF73C1C3C}.Debug|x86.ActiveCfg = Debug|Any CPU
		{453107E1-9E74-4FEE-867E-E3DBF73C1C3C}.Debug|x86.Build.0 = Debug|Any CPU
		{453107E1-9E74-4FEE-867E-E3DBF73C1C3C}.Release|Any CPU.ActiveCfg = Release|Any CPU
		{453107E1-9E74-4FEE-867E-E3DBF73C1C3C}.Release|Any CPU.Build.0 = Release|Any CPU
		{453107E1-9E74-4FEE-867E-E3DBF73C1C3C}.Release|x64.ActiveCfg = Release|Any CPU
		{453107E1-9E74-4FEE-867E-E3DBF73C1C3C}.Release|x64.Build.0 = Release|Any CPU
		{453107E1-9E74-4FEE-867E-E3DBF73C1C3C}.Release|x86.ActiveCfg = Release|Any CPU
		{453107E1-9E74-4FEE-867E-E3DBF73C1C3C}.Release|x86.Build.0 = Release|Any CPU
		{25BF56CF-06FB-437E-BD0F-DF8C0400E133}.Debug|Any CPU.ActiveCfg = Debug|Any CPU
		{25BF56CF-06FB-437E-BD0F-DF8C0400E133}.Debug|Any CPU.Build.0 = Debug|Any CPU
		{25BF56CF-06FB-437E-BD0F-DF8C0400E133}.Debug|x64.ActiveCfg = Debug|Any CPU
		{25BF56CF-06FB-437E-BD0F-DF8C0400E133}.Debug|x64.Build.0 = Debug|Any CPU
		{25BF56CF-06FB-437E-BD0F-DF8C0400E133}.Debug|x86.ActiveCfg = Debug|Any CPU
		{25BF56CF-06FB-437E-BD0F-DF8C0400E133}.Debug|x86.Build.0 = Debug|Any CPU
		{25BF56CF-06FB-437E-BD0F-DF8C0400E133}.Release|Any CPU.ActiveCfg = Release|Any CPU
		{25BF56CF-06FB-437E-BD0F-DF8C0400E133}.Release|Any CPU.Build.0 = Release|Any CPU
		{25BF56CF-06FB-437E-BD0F-DF8C0400E133}.Release|x64.ActiveCfg = Release|Any CPU
		{25BF56CF-06FB-437E-BD0F-DF8C0400E133}.Release|x64.Build.0 = Release|Any CPU
		{25BF56CF-06FB-437E-BD0F-DF8C0400E133}.Release|x86.ActiveCfg = Release|Any CPU
		{25BF56CF-06FB-437E-BD0F-DF8C0400E133}.Release|x86.Build.0 = Release|Any CPU
	EndGlobalSection
	GlobalSection(SolutionProperties) = preSolution
		HideSolutionNode = FALSE
	EndGlobalSection
	GlobalSection(NestedProjects) = preSolution
		{BF4A5A45-8B00-472D-8329-14C2B28A14E3} = {C5B8B722-310D-4ADA-A26D-F2F7988963CE}
		{D676B437-7D9C-4326-B089-75C29186E7DF} = {C5B8B722-310D-4ADA-A26D-F2F7988963CE}
		{CB5D843B-51B7-498E-BB3F-902AB0A4F0BA} = {32CCE864-ACCA-4912-9C18-EE3FFD706644}
		{BDE642C0-E002-464B-94E4-36023720CB8C} = {32CCE864-ACCA-4912-9C18-EE3FFD706644}
		{5E9DCE74-EE23-47B7-B14D-E9BDDE6EBA81} = {32CCE864-ACCA-4912-9C18-EE3FFD706644}
		{3761695D-06BD-4A09-A9C9-3FD5A420FBBE} = {32CCE864-ACCA-4912-9C18-EE3FFD706644}
		{982D6DF5-1950-4340-8E9F-0AB4851694E7} = {32CCE864-ACCA-4912-9C18-EE3FFD706644}
		{433B56E0-BB90-48DA-B2B4-F2EC377CD1FE} = {32CCE864-ACCA-4912-9C18-EE3FFD706644}
		{7C634D92-F8CA-4C1D-9E83-C8A8441977FC} = {32CCE864-ACCA-4912-9C18-EE3FFD706644}
		{DE88D0AC-FD0E-4971-AC74-393B2A1DA754} = {32CCE864-ACCA-4912-9C18-EE3FFD706644}
		{453107E1-9E74-4FEE-867E-E3DBF73C1C3C} = {32CCE864-ACCA-4912-9C18-EE3FFD706644}
		{25BF56CF-06FB-437E-BD0F-DF8C0400E133} = {2B3786E7-638F-4418-8E60-81C9731F60D0}
	EndGlobalSection
	GlobalSection(ExtensibilityGlobals) = postSolution
		SolutionGuid = {8A0BBE81-6905-4BD2-86DB-44B6D43B4DEF}
	EndGlobalSection
EndGlobal
